
Microsoft Visual Studio Solution File, Format Version 12.00
# Visual Studio Version 16
VisualStudioVersion = 16.0.29201.188
MinimumVisualStudioVersion = 10.0.40219.1
Project("{9A19103F-16F7-4668-BE54-9A1E7A4F7556}") = "DevIO.Business", "src\DevIO.Business\DevIO.Business.csproj", "{70C63F1B-8EE0-47D8-A677-5BED42BB6FCB}"
EndProject
Project("{9A19103F-16F7-4668-BE54-9A1E7A4F7556}") = "DevIO.Data", "src\DevIO.Data\DevIO.Data.csproj", "{A838074F-748B-4D5C-ACB4-87C414053DB5}"
EndProject
Project("{FAE04EC0-301F-11D3-BF4B-00C04F79EFBC}") = "DevIO.Api", "src\DevIO.Api\DevIO.Api.csproj", "{0AD41643-C339-44AE-9729-2A2A4D4CFF25}"
EndProject
Global
	GlobalSection(SolutionConfigurationPlatforms) = preSolution
		Debug|Any CPU = Debug|Any CPU
		Release|Any CPU = Release|Any CPU
	EndGlobalSection
	GlobalSection(ProjectConfigurationPlatforms) = postSolution
		{70C63F1B-8EE0-47D8-A677-5BED42BB6FCB}.Debug|Any CPU.ActiveCfg = Debug|Any CPU
		{70C63F1B-8EE0-47D8-A677-5BED42BB6FCB}.Debug|Any CPU.Build.0 = Debug|Any CPU
		{70C63F1B-8EE0-47D8-A677-5BED42BB6FCB}.Release|Any CPU.ActiveCfg = Release|Any CPU
		{70C63F1B-8EE0-47D8-A677-5BED42BB6FCB}.Release|Any CPU.Build.0 = Release|Any CPU
		{A838074F-748B-4D5C-ACB4-87C414053DB5}.Debug|Any CPU.ActiveCfg = Debug|Any CPU
		{A838074F-748B-4D5C-ACB4-87C414053DB5}.Debug|Any CPU.Build.0 = Debug|Any CPU
		{A838074F-748B-4D5C-ACB4-87C414053DB5}.Release|Any CPU.ActiveCfg = Release|Any CPU
		{A838074F-748B-4D5C-ACB4-87C414053DB5}.Release|Any CPU.Build.0 = Release|Any CPU
		{0AD41643-C339-44AE-9729-2A2A4D4CFF25}.Debug|Any CPU.ActiveCfg = Debug|Any CPU
		{0AD41643-C339-44AE-9729-2A2A4D4CFF25}.Debug|Any CPU.Build.0 = Debug|Any CPU
		{0AD41643-C339-44AE-9729-2A2A4D4CFF25}.Release|Any CPU.ActiveCfg = Release|Any CPU
		{0AD41643-C339-44AE-9729-2A2A4D4CFF25}.Release|Any CPU.Build.0 = Release|Any CPU
	EndGlobalSection
	GlobalSection(SolutionProperties) = preSolution
		HideSolutionNode = FALSE
	EndGlobalSection
	GlobalSection(ExtensibilityGlobals) = postSolution
		SolutionGuid = {E313217F-8A15-4D13-91E7-BBCD97883341}
	EndGlobalSection
EndGlobal
